version = 1
revision = 3
requires-python = ">=3.12"
resolution-markers = [
    "python_full_version >= '3.14' and sys_platform == 'win32'",
    "python_full_version >= '3.14' and sys_platform == 'emscripten'",
    "python_full_version >= '3.14' and sys_platform != 'emscripten' and sys_platform != 'win32'",
    "python_full_version < '3.14' and sys_platform == 'win32'",
    "python_full_version < '3.14' and sys_platform == 'emscripten'",
    "python_full_version < '3.14' and sys_platform != 'emscripten' and sys_platform != 'win32'",
]

[[package]]
name = "duckdb"
version = "1.5.2"
source = { registry = "https://mirrors.pku.edu.cn/pypi/web/simple" }
sdist = { url = "https://mirrors.pku.edu.cn/pypi/web/packages/0c/66/744b4931b799a42f8cb9bc7a6f169e7b8e51195b62b246db407fd90bf15f/duckdb-1.5.2.tar.gz", hash = "sha256:638da0d5102b6cb6f7d47f83d0600708ac1d3cb46c5e9aaabc845f9ba4d69246" }
wheels = [
    { url = "https://mirrors.pku.edu.cn/pypi/web/packages/41/de/ebe66bbe78125fc610f4fd415447a65349d94245950f3b3dfb31d028af02/duckdb-1.5.2-cp312-cp312-macosx_10_13_universal2.whl", hash = "sha256:e6495b00cad16888384119842797c49316a96ae1cb132bb03856d980d95afee1" },
    { url = "https://mirrors.pku.edu.cn/pypi/web/packages/2d/8a/3e25b5d03bcf1fb99d189912f8ce92b1db4f9c8778e1b1f55745973a855a/duckdb-1.5.2-cp312-cp312-macosx_10_13_x86_64.whl", hash = "sha256:d72b8856b1839d35648f38301b058f6232f4d36b463fe4dc8f4d3fdff2df1a2e" },
    { url = "https://mirrors.pku.edu.cn/pypi/web/packages/19/bb/58001f0815002b1a93431bf907f77854085c7d049b83d521814a07b9db0b/duckdb-1.5.2-cp312-cp312-macosx_11_0_arm64.whl", hash = "sha256:2a1de4f4d454b8c97aec546c82003fc834d3422ce4bc6a19902f3462ef293bed" },
    { url = "https://mirrors.pku.edu.cn/pypi/web/packages/d3/2f/a7f0de9509d1cef35608aeb382919041cdd70f58c173865c3da6a0d87979/duckdb-1.5.2-cp312-cp312-manylinux_2_26_aarch64.manylinux_2_28_aarch64.whl", hash = "sha256:ce0b8141a10d37ecef729c45bc41d334854013f4389f1488bd6035c5579aaac1" },
    { url = "https://mirrors.pku.edu.cn/pypi/web/packages/26/78/eb1e064ea8b9df3b87b167bfd7a407b2f615a4291e06cba756727adfa06c/duckdb-1.5.2-cp312-cp312-manylinux_2_26_x86_64.manylinux_2_28_x86_64.whl", hash = "sha256:c99ef73a277c8921bc0a1f16dee38d924484251d9cfd20951748c20fcd5ed855" },
    { url = "https://mirrors.pku.edu.cn/pypi/web/packages/5b/12/05b0c47d14839925c5e35b79081d918ca82e3f236bb724a6f58409dd5291/duckdb-1.5.2-cp312-cp312-win_amd64.whl", hash = "sha256:8d599758b4e48bf12e18c9b960cf491d219f0c4972d19a45489c05cc5ab36f83" },
    { url = "https://mirrors.pku.edu.cn/pypi/web/packages/0b/2c/80558a82b236e044330e84a154b96aacddb343316b479f3d49be03ea11cb/duckdb-1.5.2-cp312-cp312-win_arm64.whl", hash = "sha256:fc85a5dbcbe6eccac1113c72370d1d3aacfdd49198d63950bdf7d8638a307f00" },
    { url = "https://mirrors.pku.edu.cn/pypi/web/packages/98/f2/e3d742808f138d374be4bb516fade3d1f33749b813650810ab7885cdc363/duckdb-1.5.2-cp313-cp313-macosx_10_13_universal2.whl", hash = "sha256:4420b3f47027a7849d0e1815532007f377fa95ee5810b47ea717d35525c12f79" },
    { url = "https://mirrors.pku.edu.cn/pypi/web/packages/72/0d/f3dc1cf97e1267ca15e4307d456f96ce583961f0703fd75e62b2ad8d64fa/duckdb-1.5.2-cp313-cp313-macosx_10_13_x86_64.whl", hash = "sha256:bb42e6ed543902e14eae647850da24103a89f0bc2587dec5601b1c1f213bd2ed" },
    { url = "https://mirrors.pku.edu.cn/pypi/web/packages/b1/e0/d5418def53ae4e05a63075705ff44ed5af5a1a5932627eb2b600c5df1c93/duckdb-1.5.2-cp313-cp313-macosx_11_0_arm64.whl", hash = "sha256:98c0535cd6d901f61a5ea3c2e26a1fd28482953d794deb183daf568e3aa5dda6" },
    { url = "https://mirrors.pku.edu.cn/pypi/web/packages/16/a7/15aaa59dbecc35e9711980fcdbf525b32a52470b32d18ef678193a146213/duckdb-1.5.2-cp313-cp313-manylinux_2_26_aarch64.manylinux_2_28_aarch64.whl", hash = "sha256:486c862bf7f163c0110b6d85b3e5c031d224a671cca468f12ebb1d3a348f6b39" },
    { url = "https://mirrors.pku.edu.cn/pypi/web/packages/bd/21/d903cc63a5140c822b7b62b373a87dc557e60c29b321dfb435061c5e67cf/duckdb-1.5.2-cp313-cp313-manylinux_2_26_x86_64.manylinux_2_28_x86_64.whl", hash = "sha256:70631c847ca918ee710ec874241b00cf9d2e5be90762cbb2a0389f17823c08f7" },
    { url = "https://mirrors.pku.edu.cn/pypi/web/packages/e3/0a/b770d1f60c70597302130d6247f418549b7094251a02348fbaf1c7e147ae/duckdb-1.5.2-cp313-cp313-win_amd64.whl", hash = "sha256:52a21823f3fbb52f0f0e5425e20b07391ad882464b955879499b5ff0b45a376b" },
    { url = "https://mirrors.pku.edu.cn/pypi/web/packages/d9/cf/e200fe431d700962d1a908d2ce89f53ccee1cc8db260174ae663ba09686b/duckdb-1.5.2-cp313-cp313-win_arm64.whl", hash = "sha256:411ad438bd4140f189a10e7f515781335962c5d18bd07837dc6d202e3985253d" },
    { url = "https://mirrors.pku.edu.cn/pypi/web/packages/83/a1/f6286c67726cc1ea60a6e3c0d9fbc66527dde24ae089a51bbe298b13ca78/duckdb-1.5.2-cp314-cp314-macosx_10_15_universal2.whl", hash = "sha256:6b0fe75c148000f060aa1a27b293cacc0ea08cc1cad724fbf2143d56070a3785" },
    { url = "https://mirrors.pku.edu.cn/pypi/web/packages/de/6a/59febb02f21a4a5c6b0b0099ef7c965fdd5e61e4904cf813809bb792e35f/duckdb-1.5.2-cp314-cp314-macosx_10_15_x86_64.whl", hash = "sha256:35579b8e3a064b5eaf15b0eafc558056a13f79a0a62e34cc4baf57119daecfec" },
    { url = "https://mirrors.pku.edu.cn/pypi/web/packages/09/70/ce750854d37bb5a45cccbb2c3cb04df4af56aea8fc30a2499bb643b4a9c0/duckdb-1.5.2-cp314-cp314-macosx_11_0_arm64.whl", hash = "sha256:ea58ff5b0880593a280cf5511734b17711b32ee1f58b47d726e8600848358160" },
    { url = "https://mirrors.pku.edu.cn/pypi/web/packages/28/dc/ad45ac3c0b6c4687dc649e8f6cf01af1c8b0443932a39b2abb4ebcb3babd/duckdb-1.5.2-cp314-cp314-manylinux_2_26_aarch64.manylinux_2_28_aarch64.whl", hash = "sha256:ef461bca07313412dc09961c4a4757a851f56b95ac01c58fac6007632b7b94f2" },
    { url = "https://mirrors.pku.edu.cn/pypi/web/packages/cc/b1/1464f468d2e5813f5808de95df9d3113a645a5bfa2ffcaecbc542ddae272/duckdb-1.5.2-cp314-cp314-manylinux_2_26_x86_64.manylinux_2_28_x86_64.whl", hash = "sha256:be37680ddb380015cb37318e378c53511c45c4f0d8fac5599d22b7d092b9217a" },
    { url = "https://mirrors.pku.edu.cn/pypi/web/packages/ce/32/6673607e024722473fa7aafdd29c0e3dd231dd528f6cd8b5797fbeeb229d/duckdb-1.5.2-cp314-cp314-win_amd64.whl", hash = "sha256:0b291786014df1133f8f18b9df4d004484613146e858d71a21791e0fcca16cf4" },
    { url = "https://mirrors.pku.edu.cn/pypi/web/packages/7a/e3/9d34173ec068631faea3ea6e73050700729363e7e33306a9a3218e5cdc61/duckdb-1.5.2-cp314-cp314-win_arm64.whl", hash = "sha256:c9f3e0b71b8a50fccfb42794899285d9d318ce2503782b9dd54868e5ecd0ad31" },
]

[[package]]
name = "duckdb-demo"
version = "0.1.0"
source = { virtual = "." }
dependencies = [
    { name = "duckdb" },
]

[package.metadata]
requires-dist = [{ name = "duckdb", specifier = ">=1.5.2" }]
